// !$*UTF8*$!
{
	archiveVersion = 1;
	classes = {
	};
	objectVersion = 48;
	objects = {

/* Begin PBXBuildFile section */
		9014C9A51FA06F95003DB466 /* SightWordViewController.swift in Sources */ = {isa = PBXBuildFile; fileRef = 9014C9A41FA06F95003DB466 /* SightWordViewController.swift */; };
		906289381FA0080900022D22 /* MasterViewController.swift in Sources */ = {isa = PBXBuildFile; fileRef = 906289371FA0080900022D22 /* MasterViewController.swift */; };
		9062893A1FA01F1100022D22 /* UIViewExtension.swift in Sources */ = {isa = PBXBuildFile; fileRef = 906289391FA01F1100022D22 /* UIViewExtension.swift */; };
		9062893C1FA0611700022D22 /* MainSplitViewConrtroller.swift in Sources */ = {isa = PBXBuildFile; fileRef = 9062893B1FA0611700022D22 /* MainSplitViewConrtroller.swift */; };
		907138EA1FA0714D00739550 /* RhymingWordsViewController.swift in Sources */ = {isa = PBXBuildFile; fileRef = 907138E91FA0714D00739550 /* RhymingWordsViewController.swift */; };
		90C7D0E41F9E7EA700138FB8 /* AppDelegate.swift in Sources */ = {isa = PBXBuildFile; fileRef = 90C7D0E31F9E7EA700138FB8 /* AppDelegate.swift */; };
		90C7D0E61F9E7EA700138FB8 /* ViewController.swift in Sources */ = {isa = PBXBuildFile; fileRef = 90C7D0E51F9E7EA700138FB8 /* ViewController.swift */; };
		90C7D0E91F9E7EA700138FB8 /* Main.storyboard in Resources */ = {isa = PBXBuildFile; fileRef = 90C7D0E71F9E7EA700138FB8 /* Main.storyboard */; };
		90C7D0EB1F9E7EA700138FB8 /* Assets.xcassets in Resources */ = {isa = PBXBuildFile; fileRef = 90C7D0EA1F9E7EA700138FB8 /* Assets.xcassets */; };
		90C7D0EE1F9E7EA700138FB8 /* LaunchScreen.storyboard in Resources */ = {isa = PBXBuildFile; fileRef = 90C7D0EC1F9E7EA700138FB8 /* LaunchScreen.storyboard */; };
		90C7D0F81F9E817C00138FB8 /* SightWordView.swift in Sources */ = {isa = PBXBuildFile; fileRef = 90C7D0F71F9E817C00138FB8 /* SightWordView.swift */; };
/* End PBXBuildFile section */

/* Begin PBXFileReference section */
		9014C9A41FA06F95003DB466 /* SightWordViewController.swift */ = {isa = PBXFileReference; fileEncoding = 4; lastKnownFileType = sourcecode.swift; path = SightWordViewController.swift; sourceTree = "<group>"; };
		906289371FA0080900022D22 /* MasterViewController.swift */ = {isa = PBXFileReference; lastKnownFileType = sourcecode.swift; path = MasterViewController.swift; sourceTree = "<group>"; };
		906289391FA01F1100022D22 /* UIViewExtension.swift */ = {isa = PBXFileReference; lastKnownFileType = sourcecode.swift; path = UIViewExtension.swift; sourceTree = "<group>"; };
		9062893B1FA0611700022D22 /* MainSplitViewConrtroller.swift */ = {isa = PBXFileReference; lastKnownFileType = sourcecode.swift; path = MainSplitViewConrtroller.swift; sourceTree = "<group>"; };
		907138E91FA0714D00739550 /* RhymingWordsViewController.swift */ = {isa = PBXFileReference; lastKnownFileType = sourcecode.swift; path = RhymingWordsViewController.swift; sourceTree = "<group>"; };
		90C7D0E01F9E7EA700138FB8 /* anz-words.app */ = {isa = PBXFileReference; explicitFileType = wrapper.application; includeInIndex = 0; path = "anz-words.app"; sourceTree = BUILT_PRODUCTS_DIR; };
		90C7D0E31F9E7EA700138FB8 /* AppDelegate.swift */ = {isa = PBXFileReference; lastKnownFileType = sourcecode.swift; path = AppDelegate.swift; sourceTree = "<group>"; };
		90C7D0E51F9E7EA700138FB8 /* ViewController.swift */ = {isa = PBXFileReference; lastKnownFileType = sourcecode.swift; path = ViewController.swift; sourceTree = "<group>"; };
		90C7D0E81F9E7EA700138FB8 /* Base */ = {isa = PBXFileReference; lastKnownFileType = file.storyboard; name = Base; path = Base.lproj/Main.storyboard; sourceTree = "<group>"; };
		90C7D0EA1F9E7EA700138FB8 /* Assets.xcassets */ = {isa = PBXFileReference; lastKnownFileType = folder.assetcatalog; path = Assets.xcassets; sourceTree = "<group>"; };
		90C7D0ED1F9E7EA700138FB8 /* Base */ = {isa = PBXFileReference; lastKnownFileType = file.storyboard; name = Base; path = Base.lproj/LaunchScreen.storyboard; sourceTree = "<group>"; };
		90C7D0EF1F9E7EA700138FB8 /* Info.plist */ = {isa = PBXFileReference; lastKnownFileType = text.plist.xml; path = Info.plist; sourceTree = "<group>"; };
		90C7D0F71F9E817C00138FB8 /* SightWordView.swift */ = {isa = PBXFileReference; lastKnownFileType = sourcecode.swift; path = SightWordView.swift; sourceTree = "<group>"; };
/* End PBXFileReference section */

/* Begin PBXFrameworksBuildPhase section */
		90C7D0DD1F9E7EA700138FB8 /* Frameworks */ = {
			isa = PBXFrameworksBuildPhase;
			buildActionMask = 2147483647;
			files = (
			);
			runOnlyForDeploymentPostprocessing = 0;
		};
/* End PBXFrameworksBuildPhase section */

/* Begin PBXGroup section */
		90C7D0D71F9E7EA700138FB8 = {
			isa = PBXGroup;
			children = (
				90C7D0E21F9E7EA700138FB8 /* anz-words */,
				90C7D0E11F9E7EA700138FB8 /* Products */,
			);
			sourceTree = "<group>";
		};
		90C7D0E11F9E7EA700138FB8 /* Products */ = {
			isa = PBXGroup;
			children = (
				90C7D0E01F9E7EA700138FB8 /* anz-words.app */,
			);
			name = Products;
			sourceTree = "<group>";
		};
		90C7D0E21F9E7EA700138FB8 /* anz-words */ = {
			isa = PBXGroup;
			children = (
				90C7D0F91F9E838F00138FB8 /* Supporting Files */,
				90C7D0E71F9E7EA700138FB8 /* Main.storyboard */,
				9062893B1FA0611700022D22 /* MainSplitViewConrtroller.swift */,
				906289371FA0080900022D22 /* MasterViewController.swift */,
				907138E91FA0714D00739550 /* RhymingWordsViewController.swift */,
				90C7D0F71F9E817C00138FB8 /* SightWordView.swift */,
				9014C9A41FA06F95003DB466 /* SightWordViewController.swift */,
			);
			path = "anz-words";
			sourceTree = "<group>";
		};
		90C7D0F91F9E838F00138FB8 /* Supporting Files */ = {
			isa = PBXGroup;
			children = (
				90C7D0EA1F9E7EA700138FB8 /* Assets.xcassets */,
				90C7D0EF1F9E7EA700138FB8 /* Info.plist */,
				90C7D0EC1F9E7EA700138FB8 /* LaunchScreen.storyboard */,
				90C7D0E31F9E7EA700138FB8 /* AppDelegate.swift */,
				90C7D0E51F9E7EA700138FB8 /* ViewController.swift */,
				906289391FA01F1100022D22 /* UIViewExtension.swift */,
			);
			path = "Supporting Files";
			sourceTree = "<group>";
		};
/* End PBXGroup section */

/* Begin PBXNativeTarget section */
		90C7D0DF1F9E7EA700138FB8 /* anz-words */ = {
			isa = PBXNativeTarget;
			buildConfigurationList = 90C7D0F21F9E7EA700138FB8 /* Build configuration list for PBXNativeTarget "anz-words" */;
			buildPhases = (
				90C7D0DC1F9E7EA700138FB8 /* Sources */,
				90C7D0DD1F9E7EA700138FB8 /* Frameworks */,
				90C7D0DE1F9E7EA700138FB8 /* Resources */,
			);
			buildRules = (
			);
			dependencies = (
			);
			name = "anz-words";
			productName = "az-words";
			productReference = 90C7D0E01F9E7EA700138FB8 /* anz-words.app */;
			productType = "com.apple.product-type.application";
		};
/* End PBXNativeTarget section */

/* Begin PBXProject section */
		90C7D0D81F9E7EA700138FB8 /* Project object */ = {
			isa = PBXProject;
			attributes = {
				LastSwiftUpdateCheck = 0900;
				LastUpgradeCheck = 0900;
				ORGANIZATIONNAME = "az-apps";
				TargetAttributes = {
					90C7D0DF1F9E7EA700138FB8 = {
						CreatedOnToolsVersion = 9.0.1;
						ProvisioningStyle = Automatic;
					};
				};
			};
			buildConfigurationList = 90C7D0DB1F9E7EA700138FB8 /* Build configuration list for PBXProject "anz-words" */;
			compatibilityVersion = "Xcode 8.0";
			developmentRegion = en;
			hasScannedForEncodings = 0;
			knownRegions = (
				en,
				Base,
			);
			mainGroup = 90C7D0D71F9E7EA700138FB8;
			productRefGroup = 90C7D0E11F9E7EA700138FB8 /* Products */;
			projectDirPath = "";
			projectRoot = "";
			targets = (
				90C7D0DF1F9E7EA700138FB8 /* anz-words */,
			);
		};
/* End PBXProject section */

/* Begin PBXResourcesBuildPhase section */
		90C7D0DE1F9E7EA700138FB8 /* Resources */ = {
			isa = PBXResourcesBuildPhase;
			buildActionMask = 2147483647;
			files = (
				90C7D0EE1F9E7EA700138FB8 /* LaunchScreen.storyboard in Resources */,
				90C7D0EB1F9E7EA700138FB8 /* Assets.xcassets in Resources */,
				90C7D0E91F9E7EA700138FB8 /* Main.storyboard in Resources */,
			);
			runOnlyForDeploymentPostprocessing = 0;
		};
/* End PBXResourcesBuildPhase section */

/* Begin PBXSourcesBuildPhase section */
		90C7D0DC1F9E7EA700138FB8 /* Sources */ = {
			isa = PBXSourcesBuildPhase;
			buildActionMask = 2147483647;
			files = (
				9062893C1FA0611700022D22 /* MainSplitViewConrtroller.swift in Sources */,
				9062893A1FA01F1100022D22 /* UIViewExtension.swift in Sources */,
				906289381FA0080900022D22 /* MasterViewController.swift in Sources */,
				90C7D0F81F9E817C00138FB8 /* SightWordView.swift in Sources */,
				90C7D0E61F9E7EA700138FB8 /* ViewController.swift in Sources */,
				90C7D0E41F9E7EA700138FB8 /* AppDelegate.swift in Sources */,
				907138EA1FA0714D00739550 /* RhymingWordsViewController.swift in Sources */,
				9014C9A51FA06F95003DB466 /* SightWordViewController.swift in Sources */,
			);
			runOnlyForDeploymentPostprocessing = 0;
		};
/* End PBXSourcesBuildPhase section */

/* Begin PBXVariantGroup section */
		90C7D0E71F9E7EA700138FB8 /* Main.storyboard */ = {
			isa = PBXVariantGroup;
			children = (
				90C7D0E81F9E7EA700138FB8 /* Base */,
			);
			name = Main.storyboard;
			sourceTree = "<group>";
		};
		90C7D0EC1F9E7EA700138FB8 /* LaunchScreen.storyboard */ = {
			isa = PBXVariantGroup;
			children = (
				90C7D0ED1F9E7EA700138FB8 /* Base */,
			);
			name = LaunchScreen.storyboard;
			sourceTree = "<group>";
		};
/* End PBXVariantGroup section */

/* Begin XCBuildConfiguration section */
		90C7D0F01F9E7EA700138FB8 /* Debug */ = {
			isa = XCBuildConfiguration;
			buildSettings = {
				ALWAYS_SEARCH_USER_PATHS = NO;
				CLANG_ANALYZER_NONNULL = YES;
				CLANG_ANALYZER_NUMBER_OBJECT_CONVERSION = YES_AGGRESSIVE;
				CLANG_CXX_LANGUAGE_STANDARD = "gnu++14";
				CLANG_CXX_LIBRARY = "libc++";
				CLANG_ENABLE_MODULES = YES;
				CLANG_ENABLE_OBJC_ARC = YES;
				CLANG_WARN_BLOCK_CAPTURE_AUTORELEASING = YES;
				CLANG_WARN_BOOL_CONVERSION = YES;
				CLANG_WARN_COMMA = YES;
				CLANG_WARN_CONSTANT_CONVERSION = YES;
				CLANG_WARN_DIRECT_OBJC_ISA_USAGE = YES_ERROR;
				CLANG_WARN_DOCUMENTATION_COMMENTS = YES;
				CLANG_WARN_EMPTY_BODY = YES;
				CLANG_WARN_ENUM_CONVERSION = YES;
				CLANG_WARN_INFINITE_RECURSION = YES;
				CLANG_WARN_INT_CONVERSION = YES;
				CLANG_WARN_NON_LITERAL_NULL_CONVERSION = YES;
				CLANG_WARN_OBJC_LITERAL_CONVERSION = YES;
				CLANG_WARN_OBJC_ROOT_CLASS = YES_ERROR;
				CLANG_WARN_RANGE_LOOP_ANALYSIS = YES;
				CLANG_WARN_STRICT_PROTOTYPES = YES;
				CLANG_WARN_SUSPICIOUS_MOVE = YES;
				CLANG_WARN_UNGUARDED_AVAILABILITY = YES_AGGRESSIVE;
				CLANG_WARN_UNREACHABLE_CODE = YES;
				CLANG_WARN__DUPLICATE_METHOD_MATCH = YES;
				CODE_SIGN_IDENTITY = "iPhone Developer";
				COPY_PHASE_STRIP = NO;
				DEBUG_INFORMATION_FORMAT = dwarf;
				ENABLE_STRICT_OBJC_MSGSEND = YES;
				ENABLE_TESTABILITY = YES;
				GCC_C_LANGUAGE_STANDARD = gnu11;
				GCC_DYNAMIC_NO_PIC = NO;
				GCC_NO_COMMON_BLOCKS = YES;
				GCC_OPTIMIZATION_LEVEL = 0;
				GCC_PREPROCESSOR_DEFINITIONS = (
					"DEBUG=1",
					"$(inherited)",
				);
				GCC_WARN_64_TO_32_BIT_CONVERSION = YES;
				GCC_WARN_ABOUT_RETURN_TYPE = YES_ERROR;
				GCC_WARN_UNDECLARED_SELECTOR = YES;
				GCC_WARN_UNINITIALIZED_AUTOS = YES_AGGRESSIVE;
				GCC_WARN_UNUSED_FUNCTION = YES;
				GCC_WARN_UNUSED_VARIABLE = YES;
				IPHONEOS_DEPLOYMENT_TARGET = 11.0;
				MTL_ENABLE_DEBUG_INFO = YES;
				ONLY_ACTIVE_ARCH = YES;
				SDKROOT = iphoneos;
				SWIFT_ACTIVE_COMPILATION_CONDITIONS = DEBUG;
				SWIFT_OPTIMIZATION_LEVEL = "-Onone";
			};
			name = Debug;
		};
		90C7D0F11F9E7EA700138FB8 /* Release */ = {
			isa = XCBuildConfiguration;
			buildSettings = {
				ALWAYS_SEARCH_USER_PATHS = NO;
				CLANG_ANALYZER_NONNULL = YES;
				CLANG_ANALYZER_NUMBER_OBJECT_CONVERSION = YES_AGGRESSIVE;
				CLANG_CXX_LANGUAGE_STANDARD = "gnu++14";
				CLANG_CXX_LIBRARY = "libc++";
				CLANG_ENABLE_MODULES = YES;
				CLANG_ENABLE_OBJC_ARC = YES;
				CLANG_WARN_BLOCK_CAPTURE_AUTORELEASING = YES;
				CLANG_WARN_BOOL_CONVERSION = YES;
				CLANG_WARN_COMMA = YES;
				CLANG_WARN_CONSTANT_CONVERSION = YES;
				CLANG_WARN_DIRECT_OBJC_ISA_USAGE = YES_ERROR;
				CLANG_WARN_DOCUMENTATION_COMMENTS = YES;
				CLANG_WARN_EMPTY_BODY = YES;
				CLANG_WARN_ENUM_CONVERSION = YES;
				CLANG_WARN_INFINITE_RECURSION = YES;
				CLANG_WARN_INT_CONVERSION = YES;
				CLANG_WARN_NON_LITERAL_NULL_CONVERSION = YES;
				CLANG_WARN_OBJC_LITERAL_CONVERSION = YES;
				CLANG_WARN_OBJC_ROOT_CLASS = YES_ERROR;
				CLANG_WARN_RANGE_LOOP_ANALYSIS = YES;
				CLANG_WARN_STRICT_PROTOTYPES = YES;
				CLANG_WARN_SUSPICIOUS_MOVE = YES;
				CLANG_WARN_UNGUARDED_AVAILABILITY = YES_AGGRESSIVE;
				CLANG_WARN_UNREACHABLE_CODE = YES;
				CLANG_WARN__DUPLICATE_METHOD_MATCH = YES;
				CODE_SIGN_IDENTITY = "iPhone Developer";
				COPY_PHASE_STRIP = NO;
				DEBUG_INFORMATION_FORMAT = "dwarf-with-dsym";
				ENABLE_NS_ASSERTIONS = NO;
				ENABLE_STRICT_OBJC_MSGSEND = YES;
				GCC_C_LANGUAGE_STANDARD = gnu11;
				GCC_NO_COMMON_BLOCKS = YES;
				GCC_WARN_64_TO_32_BIT_CONVERSION = YES;
				GCC_WARN_ABOUT_RETURN_TYPE = YES_ERROR;
				GCC_WARN_UNDECLARED_SELECTOR = YES;
				GCC_WARN_UNINITIALIZED_AUTOS = YES_AGGRESSIVE;
				GCC_WARN_UNUSED_FUNCTION = YES;
				GCC_WARN_UNUSED_VARIABLE = YES;
				IPHONEOS_DEPLOYMENT_TARGET = 11.0;
				MTL_ENABLE_DEBUG_INFO = NO;
				SDKROOT = iphoneos;
				SWIFT_OPTIMIZATION_LEVEL = "-Owholemodule";
				VALIDATE_PRODUCT = YES;
			};
			name = Release;
		};
		90C7D0F31F9E7EA700138FB8 /* Debug */ = {
			isa = XCBuildConfiguration;
			buildSettings = {
				ASSETCATALOG_COMPILER_APPICON_NAME = AppIcon;
				CODE_SIGN_STYLE = Automatic;
				DEVELOPMENT_TEAM = X7Z7D8834A;
				INFOPLIST_FILE = "$(SRCROOT)/anz-words/Supporting Files/Info.plist";
				LD_RUNPATH_SEARCH_PATHS = "$(inherited) @executable_path/Frameworks";
				PRODUCT_BUNDLE_IDENTIFIER = "com.anz-apps.words";
				PRODUCT_NAME = "$(TARGET_NAME)";
				SWIFT_VERSION = 4.0;
				TARGETED_DEVICE_FAMILY = "1,2";
			};
			name = Debug;
		};
		90C7D0F41F9E7EA700138FB8 /* Release */ = {
			isa = XCBuildConfiguration;
			buildSettings = {
				ASSETCATALOG_COMPILER_APPICON_NAME = AppIcon;
				CODE_SIGN_STYLE = Automatic;
				DEVELOPMENT_TEAM = X7Z7D8834A;
				INFOPLIST_FILE = "$(SRCROOT)/anz-words/Supporting Files/Info.plist";
				LD_RUNPATH_SEARCH_PATHS = "$(inherited) @executable_path/Frameworks";
				PRODUCT_BUNDLE_IDENTIFIER = "com.anz-apps.words";
				PRODUCT_NAME = "$(TARGET_NAME)";
				SWIFT_VERSION = 4.0;
				TARGETED_DEVICE_FAMILY = "1,2";
			};
			name = Release;
		};
/* End XCBuildConfiguration section */

/* Begin XCConfigurationList section */
		90C7D0DB1F9E7EA700138FB8 /* Build configuration list for PBXProject "anz-words" */ = {
			isa = XCConfigurationList;
			buildConfigurations = (
				90C7D0F01F9E7EA700138FB8 /* Debug */,
				90C7D0F11F9E7EA700138FB8 /* Release */,
			);
			defaultConfigurationIsVisible = 0;
			defaultConfigurationName = Release;
		};
		90C7D0F21F9E7EA700138FB8 /* Build configuration list for PBXNativeTarget "anz-words" */ = {
			isa = XCConfigurationList;
			buildConfigurations = (
				90C7D0F31F9E7EA700138FB8 /* Debug */,
				90C7D0F41F9E7EA700138FB8 /* Release */,
			);
			defaultConfigurationIsVisible = 0;
			defaultConfigurationName = Release;
		};
/* End XCConfigurationList section */
	};
	rootObject = 90C7D0D81F9E7EA700138FB8 /* Project object */;
}
